
Microsoft Visual Studio Solution File, Format Version 12.00
# Visual Studio 2013
VisualStudioVersion = 12.0.30501.0
MinimumVisualStudioVersion = 10.0.40219.1
Project("{FAE04EC0-301F-11D3-BF4B-00C04F79EFBC}") = "FreeShop.SPA", "FreeShop.SPA.csproj", "{5EAFCBFA-56DE-481F-A038-DA61BD2BB196}"
EndProject
Global
	GlobalSection(SolutionConfigurationPlatforms) = preSolution
		Debug|Any CPU = Debug|Any CPU
		Release|Any CPU = Release|Any CPU
	EndGlobalSection
	GlobalSection(ProjectConfigurationPlatforms) = postSolution
		{5EAFCBFA-56DE-481F-A038-DA61BD2BB196}.Debug|Any CPU.ActiveCfg = Debug|Any CPU
		{5EAFCBFA-56DE-481F-A038-DA61BD2BB196}.Debug|Any CPU.Build.0 = Debug|Any CPU
		{5EAFCBFA-56DE-481F-A038-DA61BD2BB196}.Release|Any CPU.ActiveCfg = Release|Any CPU
		{5EAFCBFA-56DE-481F-A038-DA61BD2BB196}.Release|Any CPU.Build.0 = Release|Any CPU
	EndGlobalSection
	GlobalSection(SolutionProperties) = preSolution
		HideSolutionNode = FALSE
	EndGlobalSection
EndGlobal
